
Microsoft Visual Studio Solution File, Format Version 12.00
# Visual Studio Version 16
VisualStudioVersion = 16.0.31605.320
MinimumVisualStudioVersion = 10.0.40219.1
Project("{FAE04EC0-301F-11D3-BF4B-00C04F79EFBC}") = "aula 1", "aula 1\aula 1.csproj", "{7AFF1C99-C2E1-4EEF-B287-4DC59AF26D55}"
EndProject
Global
	GlobalSection(SolutionConfigurationPlatforms) = preSolution
		Debug|Any CPU = Debug|Any CPU
		Release|Any CPU = Release|Any CPU
	EndGlobalSection
	GlobalSection(ProjectConfigurationPlatforms) = postSolution
		{7AFF1C99-C2E1-4EEF-B287-4DC59AF26D55}.Debug|Any CPU.ActiveCfg = Debug|Any CPU
		{7AFF1C99-C2E1-4EEF-B287-4DC59AF26D55}.Debug|Any CPU.Build.0 = Debug|Any CPU
		{7AFF1C99-C2E1-4EEF-B287-4DC59AF26D55}.Release|Any CPU.ActiveCfg = Release|Any CPU
		{7AFF1C99-C2E1-4EEF-B287-4DC59AF26D55}.Release|Any CPU.Build.0 = Release|Any CPU
	EndGlobalSection
	GlobalSection(SolutionProperties) = preSolution
		HideSolutionNode = FALSE
	EndGlobalSection
	GlobalSection(ExtensibilityGlobals) = postSolution
		SolutionGuid = {B7471660-815C-4F7A-9333-4E16247E0B96}
	EndGlobalSection
EndGlobal
